
Microsoft Visual Studio Solution File, Format Version 12.00
# Visual Studio Version 17
VisualStudioVersion = 17.9.34607.119
MinimumVisualStudioVersion = 10.0.40219.1
Project("{FAE04EC0-301F-11D3-BF4B-00C04F79EFBC}") = "Book_shop", "Book_shop\Book_shop.csproj", "{4F542D27-F164-4628-8DA8-92308DCE3363}"
EndProject
Global
	GlobalSection(SolutionConfigurationPlatforms) = preSolution
		Debug|Any CPU = Debug|Any CPU
		Release|Any CPU = Release|Any CPU
	EndGlobalSection
	GlobalSection(ProjectConfigurationPlatforms) = postSolution
		{4F542D27-F164-4628-8DA8-92308DCE3363}.Debug|Any CPU.ActiveCfg = Debug|Any CPU
		{4F542D27-F164-4628-8DA8-92308DCE3363}.Debug|Any CPU.Build.0 = Debug|Any CPU
		{4F542D27-F164-4628-8DA8-92308DCE3363}.Release|Any CPU.ActiveCfg = Release|Any CPU
		{4F542D27-F164-4628-8DA8-92308DCE3363}.Release|Any CPU.Build.0 = Release|Any CPU
	EndGlobalSection
	GlobalSection(SolutionProperties) = preSolution
		HideSolutionNode = FALSE
	EndGlobalSection
	GlobalSection(ExtensibilityGlobals) = postSolution
		SolutionGuid = {FF1074EE-4511-402A-BA2E-F02C915B47DF}
	EndGlobalSection
EndGlobal
